# This file is automatically @generated by Cargo.
# It is not intended for manual editing.
version = 3

[[package]]
name = "aho-corasick"
version = "0.6.3"
source = "registry+https://github.com/rust-lang/crates.io-index"
checksum = "500909c4f87a9e52355b26626d890833e9e1d53ac566db76c36faa984b889699"
dependencies = [
 "memchr",
]

[[package]]
name = "ansi_term"
version = "0.9.0"
source = "registry+https://github.com/rust-lang/crates.io-index"
checksum = "23ac7c30002a5accbf7e8987d0632fa6de155b7c3d39d0067317a391e00a2ef6"

[[package]]
name = "app_units"
version = "0.5.6"
source = "registry+https://github.com/rust-lang/crates.io-index"
checksum = "ed0a4de09a3b8449515e649f3bb84f72ea15fc2d10639beb0776a09b7d308074"
dependencies = [
 "heapsize",
 "num-traits 0.1.41",
 "rustc-serialize",
 "serde",
]

[[package]]
name = "arrayvec"
version = "0.3.23"
source = "registry+https://github.com/rust-lang/crates.io-index"
checksum = "699e63a93b79d717e8c3b5eb1b28b7780d0d6d9e59a72eb769291c83b0c8dc67"
dependencies = [
 "nodrop",
 "odds",
]

[[package]]
name = "atomic_refcell"
version = "0.1.0"
source = "registry+https://github.com/rust-lang/crates.io-index"
checksum = "fb2dcb6e6d35f20276943cc04bb98e538b348d525a04ac79c10021561d202f21"

[[package]]
name = "atty"
version = "0.2.2"
source = "registry+https://github.com/rust-lang/crates.io-index"
checksum = "d912da0db7fa85514874458ca3651fe2cddace8d0b0505571dbdcd41ab490159"
dependencies = [
 "kernel32-sys",
 "libc",
 "winapi",
]

[[package]]
name = "audioipc"
version = "0.1.0"
dependencies = [
 "bincode",
 "bytes",
 "cubeb-core",
 "error-chain",
 "libc",
 "log 0.3.9",
 "memmap",
 "mio",
 "mio-uds",
 "serde",
 "serde_derive",
]

[[package]]
name = "audioipc-client"
version = "0.1.0"
dependencies = [
 "audioipc",
 "cubeb-backend",
 "cubeb-core",
 "log 0.3.9",
]

[[package]]
name = "audioipc-server"
version = "0.1.0"
dependencies = [
 "audioipc",
 "bytes",
 "cubeb",
 "cubeb-core",
 "error-chain",
 "lazycell",
 "log 0.3.9",
 "mio",
 "mio-uds",
 "slab",
]

[[package]]
name = "backtrace"
version = "0.3.2"
source = "registry+https://github.com/rust-lang/crates.io-index"
checksum = "72f9b4182546f4b04ebc4ab7f84948953a118bd6021a1b6a6c909e3e94f6be76"
dependencies = [
 "backtrace-sys",
 "cfg-if",
 "dbghelp-sys",
 "kernel32-sys",
 "libc",
 "rustc-demangle",
 "winapi",
]

[[package]]
name = "backtrace-sys"
version = "0.1.10"
source = "registry+https://github.com/rust-lang/crates.io-index"
checksum = "d192fd129132fbc97497c1f2ec2c2c5174e376b95f535199ef4fe0a293d33842"
dependencies = [
 "gcc",
 "libc",
]

[[package]]
name = "base64"
version = "0.4.2"
source = "registry+https://github.com/rust-lang/crates.io-index"
checksum = "979d348dc50dfcd050a87df408ec61f01a0a27ee9b4ebdc6085baba8275b2c7f"
dependencies = [
 "byteorder",
]

[[package]]
name = "binary-space-partition"
version = "0.1.2"
source = "registry+https://github.com/rust-lang/crates.io-index"
checksum = "88ceb0d16c4fd0e42876e298d7d3ce3780dd9ebdcbe4199816a32c77e08597ff"

[[package]]
name = "bincode"
version = "0.8.0"
source = "registry+https://github.com/rust-lang/crates.io-index"
checksum = "e103c8b299b28a9c6990458b7013dc4a8356a9b854c51b9883241f5866fac36e"
dependencies = [
 "byteorder",
 "num-traits 0.1.41",
 "serde",
]

[[package]]
name = "bindgen"
version = "0.31.3"
source = "registry+https://github.com/rust-lang/crates.io-index"
checksum = "57253399c086f4f29e57ffd3b5cdbc23a806a00292619351aa4cfa39cb49d4ea"
dependencies = [
 "cexpr",
 "cfg-if",
 "clang-sys",
 "clap",
 "env_logger",
 "lazy_static",
 "log 0.3.9",
 "peeking_take_while",
 "quote",
 "regex",
 "which",
]

[[package]]
name = "bitflags"
version = "0.7.0"
source = "registry+https://github.com/rust-lang/crates.io-index"
checksum = "aad18937a628ec6abcd26d1489012cc0e18c21798210f491af69ded9b881106d"

[[package]]
name = "bitflags"
version = "0.8.2"
source = "registry+https://github.com/rust-lang/crates.io-index"
checksum = "1370e9fc2a6ae53aea8b7a5110edbd08836ed87c88736dfabccade1c2b44bff4"

[[package]]
name = "bitflags"
version = "0.9.1"
source = "registry+https://github.com/rust-lang/crates.io-index"
checksum = "4efd02e230a02e18f92fc2735f44597385ed02ad8f831e7c1c1156ee5e1ab3a5"

[[package]]
name = "bitflags"
version = "1.3.2"
source = "registry+https://github.com/rust-lang/crates.io-index"
checksum = "bef38d45163c2f1dde094a7dfd33ccf595c92905c8f8f4fdc18d06fb1037718a"

[[package]]
name = "bitreader"
version = "0.3.0"
source = "registry+https://github.com/rust-lang/crates.io-index"
checksum = "80b13e2ab064ff3aa0bdbf1eff533f9822dc37899821f5f98c67f263eab51707"

[[package]]
name = "boxfnonce"
version = "0.0.3"
source = "registry+https://github.com/rust-lang/crates.io-index"
checksum = "8380105befe91099e6f69206164072c05bc92427ff6aa8a5171388317346dd75"

[[package]]
name = "byteorder"
version = "1.2.1"
source = "registry+https://github.com/rust-lang/crates.io-index"
checksum = "652805b7e73fada9d85e9a6682a4abd490cb52d96aeecc12e33a0de34dfd0d23"

[[package]]
name = "bytes"
version = "0.4.5"
source = "registry+https://github.com/rust-lang/crates.io-index"
checksum = "d828f97b58cc5de3e40c421d0cf2132d6b2da4ee0e11b8632fa838f0f9333ad6"
dependencies = [
 "byteorder",
 "iovec",
]

[[package]]
name = "cexpr"
version = "0.2.0"
source = "registry+https://github.com/rust-lang/crates.io-index"
checksum = "393a5f0088efbe41f9d1fcd062f24e83c278608420e62109feb2c8abee07de7d"
dependencies = [
 "nom",
]

[[package]]
name = "cfg-if"
version = "0.1.10"
source = "registry+https://github.com/rust-lang/crates.io-index"
checksum = "4785bdd1c96b2a846b2bd7cc02e86b6b3dbf14e7e53446c4f54c92a361040822"

[[package]]
name = "clang-sys"
version = "0.21.0"
source = "registry+https://github.com/rust-lang/crates.io-index"
checksum = "5955eab05fa8e6ff2b353753dc73a0608daa36e472a21c69f2eb51f43f593544"
dependencies = [
 "glob",
 "libc",
 "libloading",
]

[[package]]
name = "clap"
version = "2.25.0"
source = "registry+https://github.com/rust-lang/crates.io-index"
checksum = "867a885995b4184be051b70a592d4d70e32d7a188db6e8dff626af286a962771"
dependencies = [
 "ansi_term",
 "atty",
 "bitflags 0.9.1",
 "strsim",
 "term_size",
 "textwrap",
 "unicode-segmentation",
 "unicode-width",
 "vec_map",
]

[[package]]
name = "cmake"
version = "0.1.24"
source = "registry+https://github.com/rust-lang/crates.io-index"
checksum = "b8ebbb35d3dc9cd09497168f33de1acb79b265d350ab0ac34133b98f8509af1f"
dependencies = [
 "gcc",
]

[[package]]
name = "coco"
version = "0.1.1"
source = "registry+https://github.com/rust-lang/crates.io-index"
checksum = "c06169f5beb7e31c7c67ebf5540b8b472d23e3eade3b2ec7d1f5b504a85f91bd"
dependencies = [
 "either",
 "scopeguard",
]

[[package]]
name = "core-foundation"
version = "0.4.4"
source = "registry+https://github.com/rust-lang/crates.io-index"
checksum = "5909502e547762013619f4c4e01cc7393c20fe2d52d7fa471c1210adb2320dc7"
dependencies = [
 "core-foundation-sys 0.4.4",
 "libc",
]

[[package]]
name = "core-foundation-sys"
version = "0.4.4"
source = "registry+https://github.com/rust-lang/crates.io-index"
checksum = "bc9fb3d6cb663e6fd7cf1c63f9b144ee2b1e4a78595a0451dd34bff85b9a3387"
dependencies = [
 "libc",
]

[[package]]
name = "core-foundation-sys"
version = "0.5.1"
source = "registry+https://github.com/rust-lang/crates.io-index"
checksum = "716c271e8613ace48344f723b60b900a93150271e5be206212d052bbc0883efa"
dependencies = [
 "libc",
]

[[package]]
name = "core-graphics"
version = "0.9.1"
source = "registry+https://github.com/rust-lang/crates.io-index"
checksum = "2fd47addfc77b7e574d24e5434f95bb64a863769dfd4f1d451ca4ff5530ba01a"
dependencies = [
 "bitflags 0.9.1",
 "core-foundation",
 "libc",
]

[[package]]
name = "core-text"
version = "7.0.0"
source = "registry+https://github.com/rust-lang/crates.io-index"
checksum = "2a23bef779fab70e5e6af23e36eed03a48e1c1687dea8929505d405ea48d1f5e"
dependencies = [
 "core-foundation",
 "core-graphics",
 "libc",
]

[[package]]
name = "cose"
version = "0.1.4"
source = "registry+https://github.com/rust-lang/crates.io-index"
checksum = "72fa26cb151d3ae4b70f63d67d0fed57ce04220feafafbae7f503bef7aae590d"
dependencies = [
 "moz_cbor",
]

[[package]]
name = "cose-c"
version = "0.1.5"
source = "registry+https://github.com/rust-lang/crates.io-index"
checksum = "49726015ab0ca765144fcca61e4a7a543a16b795a777fa53f554da2fffff9a94"
dependencies = [
 "cose",
]

[[package]]
name = "cssparser"
version = "0.22.0"
source = "registry+https://github.com/rust-lang/crates.io-index"
checksum = "44313341610282488e1156ad1fedebca51c54766c87a041d0287b10499c04ba1"
dependencies = [
 "cssparser-macros",
 "dtoa-short",
 "itoa",
 "matches",
 "phf",
 "procedural-masquerade",
 "quote",
 "smallvec",
 "syn",
]

[[package]]
name = "cssparser-macros"
version = "0.3.0"
source = "registry+https://github.com/rust-lang/crates.io-index"
checksum = "079adec4af52bb5275eadd004292028c79eb3c5f5b4ee8086a36d4197032f6df"
dependencies = [
 "phf_codegen",
 "procedural-masquerade",
 "quote",
 "syn",
]

[[package]]
name = "cubeb"
version = "0.3.0"
dependencies = [
 "cubeb-core",
 "libcubeb-sys",
]

[[package]]
name = "cubeb-backend"
version = "0.2.0"
dependencies = [
 "cubeb-core",
]

[[package]]
name = "cubeb-core"
version = "0.1.0"
dependencies = [
 "bitflags 0.9.1",
]

[[package]]
name = "cubeb-ffi"
version = "0.0.1"
dependencies = [
 "bitflags 0.7.0",
]

[[package]]
name = "cubeb-pulse"
version = "0.0.1"
dependencies = [
 "cubeb-ffi",
 "pulse",
 "pulse-ffi",
 "semver",
]

[[package]]
name = "darling"
version = "0.2.0"
source = "registry+https://github.com/rust-lang/crates.io-index"
checksum = "9861a8495606435477df581bc858ccf15a3469747edf175b94a4704fd9aaedac"
dependencies = [
 "darling_core",
 "darling_macro",
]

[[package]]
name = "darling_core"
version = "0.2.0"
source = "registry+https://github.com/rust-lang/crates.io-index"
checksum = "1486a8b00b45062c997f767738178b43219133dd0c8c826cb811e60563810821"
dependencies = [
 "ident_case",
 "lazy_static",
 "quote",
 "syn",
]

[[package]]
name = "darling_macro"
version = "0.2.0"
source = "registry+https://github.com/rust-lang/crates.io-index"
checksum = "8a86ec160aa0c3dd492dd4a14ec8104ad8f1a9400a820624db857998cc1f80f9"
dependencies = [
 "darling_core",
 "quote",
 "syn",
]

[[package]]
name = "dbghelp-sys"
version = "0.2.0"
source = "registry+https://github.com/rust-lang/crates.io-index"
checksum = "97590ba53bcb8ac28279161ca943a924d1fd4a8fb3fa63302591647c4fc5b850"
dependencies = [
 "winapi",
 "winapi-build",
]

[[package]]
name = "dtoa"
version = "0.4.2"
source = "registry+https://github.com/rust-lang/crates.io-index"
checksum = "09c3753c3db574d215cba4ea76018483895d7bff25a31b49ba45db21c48e50ab"

[[package]]
name = "dtoa-short"
version = "0.3.0"
source = "registry+https://github.com/rust-lang/crates.io-index"
checksum = "fe6f727b406462fd57c95fed84d1b0dbfb5f0136fcac005adba9ea0367c05cc8"
dependencies = [
 "dtoa",
]

[[package]]
name = "dwrote"
version = "0.4.0"
source = "registry+https://github.com/rust-lang/crates.io-index"
checksum = "36e3b27cd0b8a68e00f07e8d8e1e4f4d8a6b8b873290a734f63bd56d792d23e1"
dependencies = [
 "gdi32-sys",
 "kernel32-sys",
 "lazy_static",
 "libc",
 "serde",
 "serde_derive",
 "winapi",
]

[[package]]
name = "either"
version = "1.1.0"
source = "registry+https://github.com/rust-lang/crates.io-index"
checksum = "18785c1ba806c258137c937e44ada9ee7e69a37e3c72077542cd2f069d78562a"

[[package]]
name = "encoding_c"
version = "0.9.0"
source = "registry+https://github.com/rust-lang/crates.io-index"
checksum = "769ecb8b33323998e482b218c0d13cd64c267609023b4b7ec3ee740714c318ee"
dependencies = [
 "encoding_rs",
]

[[package]]
name = "encoding_glue"
version = "0.1.0"
dependencies = [
 "encoding_rs",
 "nserror",
 "nsstring",
]

[[package]]
name = "encoding_rs"
version = "0.8.16"
source = "registry+https://github.com/rust-lang/crates.io-index"
checksum = "0535f350c60aac0b87ccf28319abc749391e912192255b0c00a2c12c6917bd73"
dependencies = [
 "cfg-if",
 "packed_simd",
]

[[package]]
name = "env_logger"
version = "0.4.3"
source = "registry+https://github.com/rust-lang/crates.io-index"
checksum = "3ddf21e73e016298f5cb37d6ef8e8da8e39f91f9ec8b0df44b7deb16a9f8cd5b"
dependencies = [
 "log 0.3.9",
 "regex",
]

[[package]]
name = "error-chain"
version = "0.10.0"
source = "registry+https://github.com/rust-lang/crates.io-index"
checksum = "d9435d864e017c3c6afeac1654189b06cdb491cf2ff73dbf0d73b0f292f42ff8"
dependencies = [
 "backtrace",
]

[[package]]
name = "euclid"
version = "0.15.2"
source = "registry+https://github.com/rust-lang/crates.io-index"
checksum = "50c9e4c3b53de731815135191f0b77969bea953211b8bbd3cc3083a7b10e190e"
dependencies = [
 "heapsize",
 "log 0.3.9",
 "num-traits 0.1.41",
 "serde",
]

[[package]]
name = "fallible"
version = "0.0.1"
dependencies = [
 "hashglobe",
 "smallvec",
]

[[package]]
name = "fnv"
version = "1.0.5"
source = "registry+https://github.com/rust-lang/crates.io-index"
checksum = "6cc484842f1e2884faf56f529f960cc12ad8c71ce96cc7abba0a067c98fee344"

[[package]]
name = "freetype"
version = "0.3.0"
source = "registry+https://github.com/rust-lang/crates.io-index"
checksum = "398b8a11884898184d55aca9806f002b3cf68f0e860e0cbb4586f834ee39b0e7"
dependencies = [
 "libc",
]

[[package]]
name = "fs2"
version = "0.4.2"
source = "registry+https://github.com/rust-lang/crates.io-index"
checksum = "9ab76cfd2aaa59b7bf6688ad9ba15bbae64bff97f04ea02144cfd3443e5c2866"
dependencies = [
 "kernel32-sys",
 "libc",
 "winapi",
]

[[package]]
name = "fuchsia-zircon"
version = "0.2.1"
source = "registry+https://github.com/rust-lang/crates.io-index"
checksum = "f6c0581a4e363262e52b87f59ee2afe3415361c6ec35e665924eb08afe8ff159"
dependencies = [
 "fuchsia-zircon-sys",
]

[[package]]
name = "fuchsia-zircon-sys"
version = "0.2.0"
source = "registry+https://github.com/rust-lang/crates.io-index"
checksum = "43f3795b4bae048dc6123a6b972cadde2e676f9ded08aef6bb77f5f157684a82"
dependencies = [
 "bitflags 0.7.0",
]

[[package]]
name = "futures"
version = "0.1.13"
source = "registry+https://github.com/rust-lang/crates.io-index"
checksum = "55f0008e13fc853f79ea8fc86e931486860d4c4c156cdffb59fa5f7fa833660a"

[[package]]
name = "fxhash"
version = "0.2.1"
source = "registry+https://github.com/rust-lang/crates.io-index"
checksum = "c31b6d751ae2c7f11320402d34e41349dd1016f8d5d45e48c4312bc8625af50c"
dependencies = [
 "byteorder",
]

[[package]]
name = "gamma-lut"
version = "0.2.0"
source = "registry+https://github.com/rust-lang/crates.io-index"
checksum = "41f72af1e933f296b827361eb9e70d0267abf8ad0de9ec7fa667bbe67177b297"
dependencies = [
 "log 0.3.9",
]

[[package]]
name = "gcc"
version = "0.3.55"
source = "registry+https://github.com/rust-lang/crates.io-index"
checksum = "8f5f3913fa0bfe7ee1fd8248b6b9f42a5af4b9d65ec2dd2c3c26132b950ecfc2"

[[package]]
name = "gdi32-sys"
version = "0.2.0"
source = "registry+https://github.com/rust-lang/crates.io-index"
checksum = "0912515a8ff24ba900422ecda800b52f4016a56251922d397c576bf92c690518"
dependencies = [
 "winapi",
 "winapi-build",
]

[[package]]
name = "geckoservo"
version = "0.0.1"
dependencies = [
 "atomic_refcell",
 "cssparser",
 "env_logger",
 "libc",
 "log 0.3.9",
 "malloc_size_of",
 "nsstring",
 "parking_lot",
 "selectors",
 "servo_arc",
 "smallvec",
 "style",
 "style_traits",
]

[[package]]
name = "gkrust"
version = "0.1.0"
dependencies = [
 "gkrust-shared",
]

[[package]]
name = "gkrust-gtest"
version = "0.1.0"
dependencies = [
 "gkrust-shared",
 "mp4parse-gtest",
 "nsstring-gtest",
]

[[package]]
name = "gkrust-shared"
version = "0.1.0"
dependencies = [
 "audioipc-client",
 "audioipc-server",
 "cose-c",
 "cubeb",
 "cubeb-backend",
 "cubeb-core",
 "cubeb-pulse",
 "encoding_c",
 "encoding_glue",
 "geckoservo",
 "mp4parse_capi",
 "netwerk_helper",
 "nserror",
 "nsstring",
 "rust_url_capi",
 "rustc_version",
 "u2fhid",
 "webrender_bindings",
]

[[package]]
name = "gl_generator"
version = "0.5.3"
source = "registry+https://github.com/rust-lang/crates.io-index"
checksum = "0940975a4ca12b088d32b5d5134826c47d2e73de4b0b459b05244c01503eccbb"
dependencies = [
 "khronos_api",
 "log 0.3.9",
 "xml-rs",
]

[[package]]
name = "gleam"
version = "0.4.8"
source = "registry+https://github.com/rust-lang/crates.io-index"
checksum = "bf887141f0c2a83eae026cbf3fba74f0a5cb0f01d20e5cdfcd8c4ad39295be1e"
dependencies = [
 "gl_generator",
 "pkg-config",
]

[[package]]
name = "glob"
version = "0.2.11"
source = "registry+https://github.com/rust-lang/crates.io-index"
checksum = "8be18de09a56b60ed0edf84bc9df007e30040691af7acd1c41874faac5895bfb"

[[package]]
name = "hashglobe"
version = "0.1.0"
dependencies = [
 "heapsize",
 "libc",
]

[[package]]
name = "heapsize"
version = "0.4.0"
source = "registry+https://github.com/rust-lang/crates.io-index"
checksum = "4c7593b1522161003928c959c20a2ca421c68e940d63d75573316a009e48a6d4"
dependencies = [
 "kernel32-sys",
]

[[package]]
name = "ident_case"
version = "1.0.0"
source = "registry+https://github.com/rust-lang/crates.io-index"
checksum = "3c9826188e666f2ed92071d2dadef6edc430b11b158b5b2b3f4babbcc891eaaa"

[[package]]
name = "idna"
version = "0.1.4"
source = "registry+https://github.com/rust-lang/crates.io-index"
checksum = "014b298351066f1512874135335d62a789ffe78a9974f94b43ed5621951eaf7d"
dependencies = [
 "matches",
 "unicode-bidi",
 "unicode-normalization",
]

[[package]]
name = "iovec"
version = "0.1.0"
source = "registry+https://github.com/rust-lang/crates.io-index"
checksum = "29d062ee61fccdf25be172e70f34c9f6efc597e1fb8f6526e8437b2046ab26be"
dependencies = [
 "libc",
 "winapi",
]

[[package]]
name = "itertools"
version = "0.5.10"
source = "registry+https://github.com/rust-lang/crates.io-index"
checksum = "4833d6978da405305126af4ac88569b5d71ff758581ce5a987dbfa3755f694fc"
dependencies = [
 "either",
]

[[package]]
name = "itoa"
version = "0.3.1"
source = "registry+https://github.com/rust-lang/crates.io-index"
checksum = "eb2f404fbc66fd9aac13e998248505e7ecb2ad8e44ab6388684c5fb11c6c251c"

[[package]]
name = "js"
version = "0.1.4"
dependencies = [
 "bindgen",
 "cmake",
 "env_logger",
 "glob",
 "heapsize",
 "lazy_static",
 "libc",
 "log 0.3.9",
 "mozjs_sys",
 "num-traits 0.1.41",
]

[[package]]
name = "kernel32-sys"
version = "0.2.2"
source = "registry+https://github.com/rust-lang/crates.io-index"
checksum = "7507624b29483431c0ba2d82aece8ca6cdba9382bff4ddd0f7490560c056098d"
dependencies = [
 "winapi",
 "winapi-build",
]

[[package]]
name = "khronos_api"
version = "1.0.1"
source = "registry+https://github.com/rust-lang/crates.io-index"
checksum = "d5a08e2a31d665af8f1ca437eab6d00a93c9d62a549f73f9ed8fc2e55b5a91a7"

[[package]]
name = "lazy_static"
version = "0.2.8"
source = "registry+https://github.com/rust-lang/crates.io-index"
checksum = "3b37545ab726dd833ec6420aaba8231c5b320814b9029ad585555d2a03e94fbf"

[[package]]
name = "lazycell"
version = "0.4.0"
source = "registry+https://github.com/rust-lang/crates.io-index"
checksum = "ce12306c4739d86ee97c23139f3a34ddf0387bbf181bc7929d287025a8c3ef6b"

[[package]]
name = "libc"
version = "0.2.24"
source = "registry+https://github.com/rust-lang/crates.io-index"
checksum = "38f5c2b18a287cf78b4097db62e20f43cace381dc76ae5c0a3073067f78b7ddc"

[[package]]
name = "libcubeb-sys"
version = "0.1.0"
dependencies = [
 "cubeb-core",
]

[[package]]
name = "libloading"
version = "0.4.0"
source = "registry+https://github.com/rust-lang/crates.io-index"
checksum = "be99f814beb3e9503a786a592c909692bb6d4fc5a695f6ed7987223acfbd5194"
dependencies = [
 "kernel32-sys",
 "lazy_static",
 "winapi",
]

[[package]]
name = "libudev"
version = "0.2.0"
source = "registry+https://github.com/rust-lang/crates.io-index"
checksum = "ea626d3bdf40a1c5aee3bcd4f40826970cae8d80a8fec934c82a63840094dcfe"
dependencies = [
 "libc",
 "libudev-sys",
]

[[package]]
name = "libudev-sys"
version = "0.1.3"
dependencies = [
 "lazy_static",
 "libc",
]

[[package]]
name = "libz-sys"
version = "1.0.16"
source = "registry+https://github.com/rust-lang/crates.io-index"
checksum = "3fdd64ef8ee652185674455c1d450b83cbc8ad895625d543b5324d923f82e4d8"
dependencies = [
 "gcc",
 "libc",
 "pkg-config",
 "vcpkg",
]

[[package]]
name = "log"
version = "0.3.9"
source = "registry+https://github.com/rust-lang/crates.io-index"
checksum = "e19e8d5c34a3e0e2223db8e060f9e8264aeeb5c5fc64a4ee9965c062211c024b"
dependencies = [
 "log 0.4.1",
]

[[package]]
name = "log"
version = "0.4.1"
source = "registry+https://github.com/rust-lang/crates.io-index"
checksum = "89f010e843f2b1a31dbd316b3b8d443758bc634bed37aabade59c686d644e0a2"
dependencies = [
 "cfg-if",
]

[[package]]
name = "lru_cache"
version = "0.0.1"
dependencies = [
 "arrayvec",
]

[[package]]
name = "malloc_size_of"
version = "0.0.1"
dependencies = [
 "app_units",
 "cssparser",
 "euclid",
 "hashglobe",
 "servo_arc",
 "smallbitvec",
 "smallvec",
]

[[package]]
name = "malloc_size_of_derive"
version = "0.0.1"
dependencies = [
 "quote",
 "syn",
 "synstructure",
]

[[package]]
name = "matches"
version = "0.1.4"
source = "registry+https://github.com/rust-lang/crates.io-index"
checksum = "efd7622e3022e1a6eaa602c4cea8912254e5582c9c692e9167714182244801b1"

[[package]]
name = "memchr"
version = "1.0.1"
source = "registry+https://github.com/rust-lang/crates.io-index"
checksum = "1dbccc0e46f1ea47b9f17e6d67c5a96bd27030519c519c9c91327e31275a47b4"
dependencies = [
 "libc",
]

[[package]]
name = "memmap"
version = "0.5.2"
source = "registry+https://github.com/rust-lang/crates.io-index"
checksum = "46f3c7359028b31999287dae4e5047ddfe90a23b7dca2282ce759b491080c99b"
dependencies = [
 "fs2",
 "kernel32-sys",
 "libc",
 "winapi",
]

[[package]]
name = "mio"
version = "0.6.9"
source = "registry+https://github.com/rust-lang/crates.io-index"
checksum = "9e965267d4d58496fc4f740e9861118367f13570cadf66316ed2c3f2f14d87c7"
dependencies = [
 "iovec",
 "kernel32-sys",
 "lazycell",
 "libc",
 "log 0.3.9",
 "miow",
 "net2",
 "slab",
 "winapi",
]

[[package]]
name = "mio-uds"
version = "0.6.4"
source = "registry+https://github.com/rust-lang/crates.io-index"
checksum = "1731a873077147b626d89cc6c2a0db6288d607496c5d10c0cfcf3adc697ec673"
dependencies = [
 "libc",
 "mio",
]

[[package]]
name = "miow"
version = "0.2.1"
source = "registry+https://github.com/rust-lang/crates.io-index"
checksum = "8c1f2f3b1cf331de6896aabf6e9d55dca90356cc9960cca7eaaf408a355ae919"
dependencies = [
 "kernel32-sys",
 "net2",
 "winapi",
 "ws2_32-sys",
]

[[package]]
name = "moz_cbor"
version = "0.1.0"
source = "registry+https://github.com/rust-lang/crates.io-index"
checksum = "9f0dc96d1e40041ad9e6f9986e72e65d45d70dc31cef9d852b47646b2970f238"

[[package]]
name = "mozjs_sys"
version = "0.0.0"
dependencies = [
 "libc",
 "libz-sys",
 "num_cpus",
]

[[package]]
name = "mp4parse"
version = "0.10.1"
dependencies = [
 "bitreader",
 "byteorder",
 "log 0.4.1",
 "mp4parse_fallible",
 "num-traits 0.2.0",
]

[[package]]
name = "mp4parse-gtest"
version = "0.1.0"

[[package]]
name = "mp4parse_capi"
version = "0.10.1"
dependencies = [
 "byteorder",
 "log 0.4.1",
 "mp4parse",
 "num-traits 0.2.0",
]

[[package]]
name = "mp4parse_fallible"
version = "0.0.1"
source = "registry+https://github.com/rust-lang/crates.io-index"
checksum = "6626c2aef76eb8f984eef02e475883d3fe9112e114720446c5810fc5f045cd30"

[[package]]
name = "net2"
version = "0.2.31"
source = "registry+https://github.com/rust-lang/crates.io-index"
checksum = "3a80f842784ef6c9a958b68b7516bc7e35883c614004dd94959a4dca1b716c09"
dependencies = [
 "cfg-if",
 "kernel32-sys",
 "libc",
 "winapi",
 "ws2_32-sys",
]

[[package]]
name = "netwerk_helper"
version = "0.0.1"
dependencies = [
 "nserror",
 "nsstring",
]

[[package]]
name = "nodrop"
version = "0.1.9"
source = "registry+https://github.com/rust-lang/crates.io-index"
checksum = "52cd74cd09beba596430cc6e3091b74007169a56246e1262f0ba451ea95117b2"
dependencies = [
 "odds",
]

[[package]]
name = "nom"
version = "1.2.4"
source = "registry+https://github.com/rust-lang/crates.io-index"
checksum = "a5b8c256fd9471521bcb84c3cdba98921497f1a331cbc15b8030fc63b82050ce"

[[package]]
name = "nserror"
version = "0.1.0"
dependencies = [
 "nsstring",
]

[[package]]
name = "nsstring"
version = "0.1.0"
dependencies = [
 "bitflags 0.8.2",
]

[[package]]
name = "nsstring-gtest"
version = "0.1.0"
dependencies = [
 "nsstring",
]

[[package]]
name = "num-integer"
version = "0.1.33"
source = "registry+https://github.com/rust-lang/crates.io-index"
checksum = "21e4df1098d1d797d27ef0c69c178c3fab64941559b290fcae198e0825c9c8b5"
dependencies = [
 "num-traits 0.1.41",
]

[[package]]
name = "num-traits"
version = "0.1.41"
source = "registry+https://github.com/rust-lang/crates.io-index"
checksum = "cacfcab5eb48250ee7d0c7896b51a2c5eec99c1feea5f32025635f5ae4b00070"

[[package]]
name = "num-traits"
version = "0.2.0"
source = "registry+https://github.com/rust-lang/crates.io-index"
checksum = "e7de20f146db9d920c45ee8ed8f71681fd9ade71909b48c3acbd766aa504cf10"

[[package]]
name = "num_cpus"
version = "1.6.0"
source = "registry+https://github.com/rust-lang/crates.io-index"
checksum = "83df569ffd47dbf87f36bead512632f89e90882b8e7a14286d0471daf6b72de9"
dependencies = [
 "libc",
]

[[package]]
name = "odds"
version = "0.2.25"
source = "registry+https://github.com/rust-lang/crates.io-index"
checksum = "c3df9b730298cea3a1c3faa90b7e2f9df3a9c400d0936d6015e6165734eefcba"

[[package]]
name = "ordered-float"
version = "0.4.0"
source = "registry+https://github.com/rust-lang/crates.io-index"
checksum = "da12c96037889ae0be29dd2bdd260e5a62a7df24e6466d5a15bb8131c1c200a8"
dependencies = [
 "num-traits 0.1.41",
 "unreachable",
]

[[package]]
name = "owning_ref"
version = "0.3.3"
source = "registry+https://github.com/rust-lang/crates.io-index"
checksum = "cdf84f41639e037b484f93433aa3897863b561ed65c6e59c7073d7c561710f37"
dependencies = [
 "stable_deref_trait",
]

[[package]]
name = "packed_simd"
version = "0.3.4"
source = "git+https://github.com/hsivonen/packed_simd?rev=8b4bd7d8229660a749dbe419a57ea01df9de5453#8b4bd7d8229660a749dbe419a57ea01df9de5453"
dependencies = [
 "cfg-if",
 "rustc_version",
]

[[package]]
name = "parking_lot"
version = "0.4.4"
source = "registry+https://github.com/rust-lang/crates.io-index"
checksum = "37f364e2ce5efa24c7d0b6646d5bb61145551a0112f107ffd7499f1a3e322fbd"
dependencies = [
 "owning_ref",
 "parking_lot_core",
 "thread-id",
]

[[package]]
name = "parking_lot_core"
version = "0.2.4"
source = "registry+https://github.com/rust-lang/crates.io-index"
checksum = "a25dd36576d01cca115881dc920b1f0dd0037303ed8cfa0c5d0a4966151757f7"
dependencies = [
 "kernel32-sys",
 "libc",
 "rand",
 "smallvec",
 "winapi",
]

[[package]]
name = "peeking_take_while"
version = "0.1.2"
source = "registry+https://github.com/rust-lang/crates.io-index"
checksum = "19b17cddbe7ec3f8bc800887bab5e717348c95ea2ca0b1bf0837fb964dc67099"

[[package]]
name = "percent-encoding"
version = "1.0.0"
source = "registry+https://github.com/rust-lang/crates.io-index"
checksum = "de154f638187706bde41d9b4738748933d64e6b37bdbffc0b47a97d16a6ae356"

[[package]]
name = "phf"
version = "0.7.21"
source = "registry+https://github.com/rust-lang/crates.io-index"
checksum = "cb325642290f28ee14d8c6201159949a872f220c62af6e110a56ea914fbe42fc"
dependencies = [
 "phf_shared",
]

[[package]]
name = "phf_codegen"
version = "0.7.21"
source = "registry+https://github.com/rust-lang/crates.io-index"
checksum = "d62594c0bb54c464f633175d502038177e90309daf2e0158be42ed5f023ce88f"
dependencies = [
 "phf_generator",
 "phf_shared",
]

[[package]]
name = "phf_generator"
version = "0.7.21"
source = "registry+https://github.com/rust-lang/crates.io-index"
checksum = "6b07ffcc532ccc85e3afc45865469bf5d9e4ef5bfcf9622e3cfe80c2d275ec03"
dependencies = [
 "phf_shared",
 "rand",
]

[[package]]
name = "phf_shared"
version = "0.7.21"
source = "registry+https://github.com/rust-lang/crates.io-index"
checksum = "07e24b0ca9643bdecd0632f2b3da6b1b89bbb0030e0b992afc1113b23a7bc2f2"
dependencies = [
 "siphasher",
]

[[package]]
name = "pkg-config"
version = "0.3.9"
source = "registry+https://github.com/rust-lang/crates.io-index"
checksum = "3a8b4c6b8165cd1a1cd4b9b120978131389f64bdaf456435caa41e630edba903"

[[package]]
name = "plane-split"
version = "0.6.0"
source = "registry+https://github.com/rust-lang/crates.io-index"
checksum = "e57800a97ca52c556db6b6184a3201f05366ad5e11876f7d17e234589ca2fa26"
dependencies = [
 "binary-space-partition",
 "euclid",
 "log 0.3.9",
 "num-traits 0.1.41",
]

[[package]]
name = "precomputed-hash"
version = "0.1.1"
source = "registry+https://github.com/rust-lang/crates.io-index"
checksum = "925383efa346730478fb4838dbe9137d2a47675ad789c546d150a6e1dd4ab31c"

[[package]]
name = "procedural-masquerade"
version = "0.1.1"
source = "registry+https://github.com/rust-lang/crates.io-index"
checksum = "9f566249236c6ca4340f7ca78968271f0ed2b0f234007a61b66f9ecd0af09260"

[[package]]
name = "pulse"
version = "0.1.0"
dependencies = [
 "bitflags 0.7.0",
 "pulse-ffi",
]

[[package]]
name = "pulse-ffi"
version = "0.1.0"
dependencies = [
 "libc",
]

[[package]]
name = "quote"
version = "0.3.15"
source = "registry+https://github.com/rust-lang/crates.io-index"
checksum = "7a6e920b65c65f10b2ae65c831a81a073a89edd28c7cce89475bff467ab4167a"

[[package]]
name = "rand"
version = "0.3.17"
source = "registry+https://github.com/rust-lang/crates.io-index"
checksum = "61efcbcd9fa8d8fbb07c84e34a8af18a1ff177b449689ad38a6e9457ecc7b2ae"
dependencies = [
 "fuchsia-zircon",
 "libc",
]

[[package]]
name = "rayon"
version = "0.8.2"
source = "registry+https://github.com/rust-lang/crates.io-index"
checksum = "b614fe08b6665cb9a231d07ac1364b0ef3cb3698f1239ee0c4c3a88a524f54c8"
dependencies = [
 "rayon-core",
]

[[package]]
name = "rayon-core"
version = "1.2.0"
source = "registry+https://github.com/rust-lang/crates.io-index"
checksum = "e2c21a92a5dca958fb030787c1158446c6deb7f976399b72fa8074603f169e2a"
dependencies = [
 "coco",
 "futures",
 "lazy_static",
 "libc",
 "num_cpus",
 "rand",
]

[[package]]
name = "redox_syscall"
version = "0.1.16"
source = "registry+https://github.com/rust-lang/crates.io-index"
checksum = "8dd35cc9a8bdec562c757e3d43c1526b5c6d2653e23e2315065bc25556550753"

[[package]]
name = "regex"
version = "0.2.2"
source = "registry+https://github.com/rust-lang/crates.io-index"
checksum = "1731164734096285ec2a5ec7fea5248ae2f5485b3feeb0115af4fda2183b2d1b"
dependencies = [
 "aho-corasick",
 "memchr",
 "regex-syntax",
 "thread_local",
 "utf8-ranges",
]

[[package]]
name = "regex-syntax"
version = "0.4.1"
source = "registry+https://github.com/rust-lang/crates.io-index"
checksum = "ad890a5eef7953f55427c50575c680c42841653abd2b028b68cd223d157f62db"

[[package]]
name = "runloop"
version = "0.1.0"
source = "registry+https://github.com/rust-lang/crates.io-index"
checksum = "5d79b4b604167921892e84afbbaad9d5ad74e091bf6c511d9dbfb0593f09fabd"

[[package]]
name = "rust-crypto"
version = "0.2.36"
source = "registry+https://github.com/rust-lang/crates.io-index"
checksum = "f76d05d3993fd5f4af9434e8e436db163a12a9d40e1a58a726f27a01dfd12a2a"
dependencies = [
 "gcc",
 "libc",
 "rand",
 "rustc-serialize",
 "time",
]

[[package]]
name = "rust_url_capi"
version = "0.0.1"
dependencies = [
 "libc",
 "nserror",
 "nsstring",
 "url",
]

[[package]]
name = "rustc-demangle"
version = "0.1.4"
source = "registry+https://github.com/rust-lang/crates.io-index"
checksum = "3058a43ada2c2d0b92b3ae38007a2d0fa5e9db971be260e0171408a4ff471c95"

[[package]]
name = "rustc-serialize"
version = "0.3.24"
source = "registry+https://github.com/rust-lang/crates.io-index"
checksum = "dcf128d1287d2ea9d80910b5f1120d0b8eede3fbf1abe91c40d39ea7d51e6fda"

[[package]]
name = "rustc_version"
version = "0.2.1"
source = "registry+https://github.com/rust-lang/crates.io-index"
checksum = "b9743a7670d88d5d52950408ecdb7c71d8986251ab604d4689dd2ca25c9bca69"
dependencies = [
 "semver",
]

[[package]]
name = "same-file"
version = "0.1.3"
source = "registry+https://github.com/rust-lang/crates.io-index"
checksum = "d931a44fdaa43b8637009e7632a02adc4f2b2e0733c08caa4cf00e8da4a117a7"
dependencies = [
 "kernel32-sys",
 "winapi",
]

[[package]]
name = "scopeguard"
version = "0.3.2"
source = "registry+https://github.com/rust-lang/crates.io-index"
checksum = "c79eb2c3ac4bc2507cda80e7f3ac5b88bd8eae4c0914d5663e6a8933994be918"

[[package]]
name = "selectors"
version = "0.19.0"
dependencies = [
 "bitflags 0.7.0",
 "cssparser",
 "fnv",
 "log 0.3.9",
 "malloc_size_of",
 "malloc_size_of_derive",
 "matches",
 "phf",
 "phf_codegen",
 "precomputed-hash",
 "servo_arc",
 "smallvec",
]

[[package]]
name = "semver"
version = "0.6.0"
source = "registry+https://github.com/rust-lang/crates.io-index"
checksum = "7a3186ec9e65071a2095434b1f5bb24838d4e8e130f584c790f6033c79943537"
dependencies = [
 "semver-parser",
]

[[package]]
name = "semver-parser"
version = "0.7.0"
source = "registry+https://github.com/rust-lang/crates.io-index"
checksum = "388a1df253eca08550bef6c72392cfe7c30914bf41df5269b68cbd6ff8f570a3"

[[package]]
name = "serde"
version = "1.0.27"
source = "registry+https://github.com/rust-lang/crates.io-index"
checksum = "db99f3919e20faa51bb2996057f5031d8685019b5a06139b1ce761da671b8526"
dependencies = [
 "serde_derive",
]

[[package]]
name = "serde_derive"
version = "1.0.27"
source = "git+https://github.com/gankro/serde?branch=deserialize_from_enums4#93e24f268ab99c0df10e2183587284e02ca30e9e"
dependencies = [
 "quote",
 "serde_derive_internals",
 "syn",
]

[[package]]
name = "serde_derive_internals"
version = "0.19.0"
source = "git+https://github.com/gankro/serde?branch=deserialize_from_enums4#93e24f268ab99c0df10e2183587284e02ca30e9e"
dependencies = [
 "syn",
 "synom",
]

[[package]]
name = "servo_arc"
version = "0.0.1"
dependencies = [
 "nodrop",
 "stable_deref_trait",
]

[[package]]
name = "siphasher"
version = "0.2.1"
source = "registry+https://github.com/rust-lang/crates.io-index"
checksum = "2ffc669b726f2bc9a3bcff66e5e23b56ba6bf70e22a34c3d7b6d0b3450b65b84"

[[package]]
name = "slab"
version = "0.3.0"
source = "registry+https://github.com/rust-lang/crates.io-index"
checksum = "17b4fcaed89ab08ef143da37bc52adbcc04d4a69014f4c1208d6b51f0c47bc23"

[[package]]
name = "smallbitvec"
version = "1.0.6"
source = "registry+https://github.com/rust-lang/crates.io-index"
checksum = "79b776f00dfe01df905fa3b2eaa1659522e99e3fc4a7b1334171622205c4bdcf"

[[package]]
name = "smallvec"
version = "0.4.5"
source = "registry+https://github.com/rust-lang/crates.io-index"
checksum = "f90c5e5fe535e48807ab94fc611d323935f39d4660c52b26b96446a7b33aef10"

[[package]]
name = "stable_deref_trait"
version = "1.0.0"
source = "registry+https://github.com/rust-lang/crates.io-index"
checksum = "15132e0e364248108c5e2c02e3ab539be8d6f5d52a01ca9bbf27ed657316f02b"

[[package]]
name = "strsim"
version = "0.6.0"
source = "registry+https://github.com/rust-lang/crates.io-index"
checksum = "b4d15c810519a91cf877e7e36e63fe068815c678181439f2f29e2562147c3694"

[[package]]
name = "style"
version = "0.0.1"
dependencies = [
 "app_units",
 "arrayvec",
 "atomic_refcell",
 "bindgen",
 "bitflags 0.7.0",
 "byteorder",
 "cfg-if",
 "cssparser",
 "euclid",
 "fallible",
 "fnv",
 "hashglobe",
 "itertools",
 "itoa",
 "kernel32-sys",
 "lazy_static",
 "log 0.3.9",
 "lru_cache",
 "malloc_size_of",
 "malloc_size_of_derive",
 "matches",
 "nsstring",
 "num-integer",
 "num-traits 0.1.41",
 "num_cpus",
 "ordered-float",
 "owning_ref",
 "parking_lot",
 "precomputed-hash",
 "rayon",
 "regex",
 "selectors",
 "servo_arc",
 "smallbitvec",
 "smallvec",
 "style_derive",
 "style_traits",
 "time",
 "toml",
 "unicode-bidi",
 "unicode-segmentation",
 "walkdir",
]

[[package]]
name = "style_derive"
version = "0.0.1"
dependencies = [
 "darling",
 "quote",
 "syn",
 "synstructure",
]

[[package]]
name = "style_traits"
version = "0.0.1"
dependencies = [
 "app_units",
 "bitflags 0.7.0",
 "cssparser",
 "euclid",
 "malloc_size_of",
 "malloc_size_of_derive",
 "selectors",
]

[[package]]
name = "syn"
version = "0.11.11"
source = "registry+https://github.com/rust-lang/crates.io-index"
checksum = "d3b891b9015c88c576343b9b3e41c2c11a51c219ef067b264bd9c8aa9b441dad"
dependencies = [
 "quote",
 "synom",
 "unicode-xid",
]

[[package]]
name = "synom"
version = "0.11.2"
source = "registry+https://github.com/rust-lang/crates.io-index"
checksum = "27e31aa4b09b9f4cb12dff3c30ba503e17b1a624413d764d32dab76e3920e5bc"
dependencies = [
 "unicode-xid",
]

[[package]]
name = "synstructure"
version = "0.5.2"
source = "registry+https://github.com/rust-lang/crates.io-index"
checksum = "cf318c34a2f8381a4f3d4db2c91b45bca2b1cd8cbe56caced900647be164800c"
dependencies = [
 "quote",
 "syn",
]

[[package]]
name = "term_size"
version = "0.3.0"
source = "registry+https://github.com/rust-lang/crates.io-index"
checksum = "e2b6b55df3198cc93372e85dd2ed817f0e38ce8cc0f22eb32391bfad9c4bf209"
dependencies = [
 "kernel32-sys",
 "libc",
 "winapi",
]

[[package]]
name = "textwrap"
version = "0.6.0"
source = "registry+https://github.com/rust-lang/crates.io-index"
checksum = "f86300c3e7416ee233abd7cda890c492007a3980f941f79185c753a701257167"
dependencies = [
 "term_size",
 "unicode-width",
]

[[package]]
name = "thread-id"
version = "3.1.0"
source = "registry+https://github.com/rust-lang/crates.io-index"
checksum = "8df7875b676fddfadffd96deea3b1124e5ede707d4884248931077518cf1f773"
dependencies = [
 "kernel32-sys",
 "libc",
]

[[package]]
name = "thread_local"
version = "0.3.3"
source = "registry+https://github.com/rust-lang/crates.io-index"
checksum = "c85048c6260d17cf486ceae3282d9fb6b90be220bf5b28c400f5485ffc29f0c7"
dependencies = [
 "thread-id",
 "unreachable",
]

[[package]]
name = "thread_profiler"
version = "0.1.1"
source = "registry+https://github.com/rust-lang/crates.io-index"
checksum = "cf947d192a9be60ef5131cc7a4648886ba89d712f16700ebbf80c8a69d05d48f"

[[package]]
name = "time"
version = "0.1.36"
source = "registry+https://github.com/rust-lang/crates.io-index"
checksum = "211b63c112206356ef1ff9b19355f43740fc3f85960c598a93d3a3d3ba7beade"
dependencies = [
 "kernel32-sys",
 "libc",
 "redox_syscall",
 "winapi",
]

[[package]]
name = "toml"
version = "0.2.1"
source = "registry+https://github.com/rust-lang/crates.io-index"
checksum = "736b60249cb25337bc196faa43ee12c705e426f3d55c214d73a4e7be06f92cb4"

[[package]]
name = "u2fhid"
version = "0.1.0"
dependencies = [
 "base64",
 "bitflags 1.3.2",
 "boxfnonce",
 "core-foundation-sys 0.5.1",
 "env_logger",
 "libc",
 "libudev",
 "log 0.3.9",
 "rand",
 "runloop",
 "rust-crypto",
 "winapi",
]

[[package]]
name = "unicode-bidi"
version = "0.3.3"
source = "registry+https://github.com/rust-lang/crates.io-index"
checksum = "a6a2c4e3710edd365cd7e78383153ed739fa31af19f9172f72d3575060f5a43a"
dependencies = [
 "matches",
]

[[package]]
name = "unicode-normalization"
version = "0.1.5"
source = "registry+https://github.com/rust-lang/crates.io-index"
checksum = "51ccda9ef9efa3f7ef5d91e8f9b83bbe6955f9bf86aec89d5cce2c874625920f"

[[package]]
name = "unicode-segmentation"
version = "1.1.0"
source = "registry+https://github.com/rust-lang/crates.io-index"
checksum = "18127285758f0e2c6cf325bb3f3d138a12fee27de4f23e146cd6a179f26c2cf3"

[[package]]
name = "unicode-width"
version = "0.1.4"
source = "registry+https://github.com/rust-lang/crates.io-index"
checksum = "bf3a113775714a22dcb774d8ea3655c53a32debae63a063acc00a91cc586245f"

[[package]]
name = "unicode-xid"
version = "0.0.4"
source = "registry+https://github.com/rust-lang/crates.io-index"
checksum = "8c1f860d7d29cf02cb2f3f359fd35991af3d30bac52c57d265a3c461074cb4dc"

[[package]]
name = "unreachable"
version = "0.1.1"
source = "registry+https://github.com/rust-lang/crates.io-index"
checksum = "1f2ae5ddb18e1c92664717616dd9549dde73f539f01bd7b77c2edb2446bdff91"
dependencies = [
 "void",
]

[[package]]
name = "url"
version = "1.7.2"
source = "registry+https://github.com/rust-lang/crates.io-index"
checksum = "dd4e7c0d531266369519a4aa4f399d748bd37043b00bde1e4ff1f60a120b355a"
dependencies = [
 "idna",
 "matches",
 "percent-encoding",
]

[[package]]
name = "utf8-ranges"
version = "1.0.0"
source = "registry+https://github.com/rust-lang/crates.io-index"
checksum = "662fab6525a98beff2921d7f61a39e7d59e0b425ebc7d0d9e66d316e55124122"

[[package]]
name = "vcpkg"
version = "0.2.13"
source = "registry+https://github.com/rust-lang/crates.io-index"
checksum = "025ce40a007e1907e58d5bc1a594def78e5573bb0b1160bc389634e8f12e4faa"

[[package]]
name = "vec_map"
version = "0.8.0"
source = "registry+https://github.com/rust-lang/crates.io-index"
checksum = "887b5b631c2ad01628bbbaa7dd4c869f80d3186688f8d0b6f58774fbe324988c"

[[package]]
name = "void"
version = "1.0.2"
source = "registry+https://github.com/rust-lang/crates.io-index"
checksum = "6a02e4885ed3bc0f2de90ea6dd45ebcbb66dacffe03547fadbb0eeae2770887d"

[[package]]
name = "walkdir"
version = "1.0.7"
source = "registry+https://github.com/rust-lang/crates.io-index"
checksum = "bb08f9e670fab86099470b97cd2b252d6527f0b3cc1401acdb595ffc9dd288ff"
dependencies = [
 "kernel32-sys",
 "same-file",
 "winapi",
]

[[package]]
name = "webrender"
version = "0.52.0"
dependencies = [
 "app_units",
 "bincode",
 "bitflags 0.9.1",
 "byteorder",
 "core-foundation",
 "core-graphics",
 "core-text",
 "dwrote",
 "euclid",
 "freetype",
 "fxhash",
 "gamma-lut",
 "gleam",
 "lazy_static",
 "log 0.3.9",
 "num-traits 0.1.41",
 "plane-split",
 "rayon",
 "thread_profiler",
 "time",
 "webrender_api",
]

[[package]]
name = "webrender_api"
version = "0.52.0"
dependencies = [
 "app_units",
 "bincode",
 "bitflags 0.9.1",
 "byteorder",
 "core-foundation",
 "core-graphics",
 "dwrote",
 "euclid",
 "fxhash",
 "heapsize",
 "serde",
 "time",
]

[[package]]
name = "webrender_bindings"
version = "0.1.0"
dependencies = [
 "app_units",
 "bincode",
 "euclid",
 "gleam",
 "rayon",
 "thread_profiler",
 "webrender",
 "webrender_api",
]

[[package]]
name = "which"
version = "1.0.3"
source = "registry+https://github.com/rust-lang/crates.io-index"
checksum = "4be6cfa54dab45266e98b5d7be2f8ce959ddd49abd141a05d52dce4b07f803bb"
dependencies = [
 "libc",
]

[[package]]
name = "winapi"
version = "0.2.8"
source = "registry+https://github.com/rust-lang/crates.io-index"
checksum = "167dc9d6949a9b857f3451275e911c3f44255842c1f7a76f33c55103a909087a"

[[package]]
name = "winapi-build"
version = "0.1.1"
source = "registry+https://github.com/rust-lang/crates.io-index"
checksum = "2d315eee3b34aca4797b2da6b13ed88266e6d612562a0c46390af8299fc699bc"

[[package]]
name = "ws2_32-sys"
version = "0.2.1"
source = "registry+https://github.com/rust-lang/crates.io-index"
checksum = "d59cefebd0c892fa2dd6de581e937301d8552cb44489cdff035c6187cb63fa5e"
dependencies = [
 "winapi",
 "winapi-build",
]

[[package]]
name = "xml-rs"
version = "0.3.6"
source = "registry+https://github.com/rust-lang/crates.io-index"
checksum = "7ec6c39eaa68382c8e31e35239402c0a9489d4141a8ceb0c716099a0b515b562"
dependencies = [
 "bitflags 0.7.0",
]
